
Microsoft Visual Studio Solution File, Format Version 12.00
# Visual Studio 15
VisualStudioVersion = 15.0.27428.2015
MinimumVisualStudioVersion = 10.0.40219.1
Project("{FAE04EC0-301F-11D3-BF4B-00C04F79EFBC}") = "MvcWebSite", "MvcWebSite\MvcWebSite.csproj", "{BAEE0A0E-8819-43E0-94B1-9EBDA1E6E7A0}"
EndProject
Project("{2150E333-8FDC-42A3-9474-1A3956D46DE8}") = "Apps.Base", "Apps.Base", "{94C5BA4D-812F-4A82-9566-E204C57D8019}"
EndProject
Project("{FAE04EC0-301F-11D3-BF4B-00C04F79EFBC}") = "Apps.BLL", "Apps.BLL\Apps.BLL.csproj", "{688914B7-E86A-4162-A710-F9A2CEC6F55D}"
EndProject
Project("{FAE04EC0-301F-11D3-BF4B-00C04F79EFBC}") = "Apps.DAL", "Apps.DAL\Apps.DAL.csproj", "{0A2EE07D-7C67-486E-A20C-513F8C2C03F4}"
EndProject
Project("{FAE04EC0-301F-11D3-BF4B-00C04F79EFBC}") = "Apps.IBLL", "Apps.IBLL\Apps.IBLL.csproj", "{F46FF0F5-45B3-47B3-814B-D00B424E9AD4}"
EndProject
Project("{FAE04EC0-301F-11D3-BF4B-00C04F79EFBC}") = "Apps.IDAL", "Apps.IDAL\Apps.IDAL.csproj", "{E4ADC1A5-F9E8-46ED-BE8C-E206E8F6587B}"
EndProject
Project("{FAE04EC0-301F-11D3-BF4B-00C04F79EFBC}") = "Apps.Common", "Apps.Common\Apps.Common.csproj", "{6E4426B7-4A9D-4AF6-B19E-4D92C51B9BA4}"
EndProject
Project("{FAE04EC0-301F-11D3-BF4B-00C04F79EFBC}") = "Apps.Core", "Apps.Core\Apps.Core.csproj", "{5E62CB5A-8040-4364-BC56-872170A25AB6}"
EndProject
Project("{FAE04EC0-301F-11D3-BF4B-00C04F79EFBC}") = "Apps.WebApi", "Apps.WebApi\Apps.WebApi.csproj", "{99381E05-0558-4F2F-824B-15C8345B9E11}"
EndProject
Project("{FAE04EC0-301F-11D3-BF4B-00C04F79EFBC}") = "Apps.Models", "Apps.Models\Apps.Models.csproj", "{39A5851D-1E10-4B88-B227-940F0A67258A}"
EndProject
Project("{FAE04EC0-301F-11D3-BF4B-00C04F79EFBC}") = "Apps.Locale", "Apps.Locale\Apps.Locale.csproj", "{0DDFA97E-7C12-431E-91D7-3E093614AAE7}"
EndProject
Project("{FAE04EC0-301F-11D3-BF4B-00C04F79EFBC}") = "Apps.Jobs", "Apps.Jobs\Apps.Jobs.csproj", "{DFE148A0-6771-4326-987F-09B39D402E8A}"
EndProject
Global
	GlobalSection(SolutionConfigurationPlatforms) = preSolution
		Debug|Any CPU = Debug|Any CPU
		Release|Any CPU = Release|Any CPU
	EndGlobalSection
	GlobalSection(ProjectConfigurationPlatforms) = postSolution
		{BAEE0A0E-8819-43E0-94B1-9EBDA1E6E7A0}.Debug|Any CPU.ActiveCfg = Debug|Any CPU
		{BAEE0A0E-8819-43E0-94B1-9EBDA1E6E7A0}.Debug|Any CPU.Build.0 = Debug|Any CPU
		{BAEE0A0E-8819-43E0-94B1-9EBDA1E6E7A0}.Release|Any CPU.ActiveCfg = Release|Any CPU
		{BAEE0A0E-8819-43E0-94B1-9EBDA1E6E7A0}.Release|Any CPU.Build.0 = Release|Any CPU
		{688914B7-E86A-4162-A710-F9A2CEC6F55D}.Debug|Any CPU.ActiveCfg = Debug|Any CPU
		{688914B7-E86A-4162-A710-F9A2CEC6F55D}.Debug|Any CPU.Build.0 = Debug|Any CPU
		{688914B7-E86A-4162-A710-F9A2CEC6F55D}.Release|Any CPU.ActiveCfg = Release|Any CPU
		{688914B7-E86A-4162-A710-F9A2CEC6F55D}.Release|Any CPU.Build.0 = Release|Any CPU
		{0A2EE07D-7C67-486E-A20C-513F8C2C03F4}.Debug|Any CPU.ActiveCfg = Debug|Any CPU
		{0A2EE07D-7C67-486E-A20C-513F8C2C03F4}.Debug|Any CPU.Build.0 = Debug|Any CPU
		{0A2EE07D-7C67-486E-A20C-513F8C2C03F4}.Release|Any CPU.ActiveCfg = Release|Any CPU
		{0A2EE07D-7C67-486E-A20C-513F8C2C03F4}.Release|Any CPU.Build.0 = Release|Any CPU
		{F46FF0F5-45B3-47B3-814B-D00B424E9AD4}.Debug|Any CPU.ActiveCfg = Debug|Any CPU
		{F46FF0F5-45B3-47B3-814B-D00B424E9AD4}.Debug|Any CPU.Build.0 = Debug|Any CPU
		{F46FF0F5-45B3-47B3-814B-D00B424E9AD4}.Release|Any CPU.ActiveCfg = Release|Any CPU
		{F46FF0F5-45B3-47B3-814B-D00B424E9AD4}.Release|Any CPU.Build.0 = Release|Any CPU
		{E4ADC1A5-F9E8-46ED-BE8C-E206E8F6587B}.Debug|Any CPU.ActiveCfg = Debug|Any CPU
		{E4ADC1A5-F9E8-46ED-BE8C-E206E8F6587B}.Debug|Any CPU.Build.0 = Debug|Any CPU
		{E4ADC1A5-F9E8-46ED-BE8C-E206E8F6587B}.Release|Any CPU.ActiveCfg = Release|Any CPU
		{E4ADC1A5-F9E8-46ED-BE8C-E206E8F6587B}.Release|Any CPU.Build.0 = Release|Any CPU
		{6E4426B7-4A9D-4AF6-B19E-4D92C51B9BA4}.Debug|Any CPU.ActiveCfg = Debug|Any CPU
		{6E4426B7-4A9D-4AF6-B19E-4D92C51B9BA4}.Debug|Any CPU.Build.0 = Debug|Any CPU
		{6E4426B7-4A9D-4AF6-B19E-4D92C51B9BA4}.Release|Any CPU.ActiveCfg = Release|Any CPU
		{6E4426B7-4A9D-4AF6-B19E-4D92C51B9BA4}.Release|Any CPU.Build.0 = Release|Any CPU
		{5E62CB5A-8040-4364-BC56-872170A25AB6}.Debug|Any CPU.ActiveCfg = Debug|Any CPU
		{5E62CB5A-8040-4364-BC56-872170A25AB6}.Debug|Any CPU.Build.0 = Debug|Any CPU
		{5E62CB5A-8040-4364-BC56-872170A25AB6}.Release|Any CPU.ActiveCfg = Release|Any CPU
		{5E62CB5A-8040-4364-BC56-872170A25AB6}.Release|Any CPU.Build.0 = Release|Any CPU
		{99381E05-0558-4F2F-824B-15C8345B9E11}.Debug|Any CPU.ActiveCfg = Debug|Any CPU
		{99381E05-0558-4F2F-824B-15C8345B9E11}.Debug|Any CPU.Build.0 = Debug|Any CPU
		{99381E05-0558-4F2F-824B-15C8345B9E11}.Release|Any CPU.ActiveCfg = Release|Any CPU
		{99381E05-0558-4F2F-824B-15C8345B9E11}.Release|Any CPU.Build.0 = Release|Any CPU
		{39A5851D-1E10-4B88-B227-940F0A67258A}.Debug|Any CPU.ActiveCfg = Debug|Any CPU
		{39A5851D-1E10-4B88-B227-940F0A67258A}.Debug|Any CPU.Build.0 = Debug|Any CPU
		{39A5851D-1E10-4B88-B227-940F0A67258A}.Release|Any CPU.ActiveCfg = Release|Any CPU
		{39A5851D-1E10-4B88-B227-940F0A67258A}.Release|Any CPU.Build.0 = Release|Any CPU
		{0DDFA97E-7C12-431E-91D7-3E093614AAE7}.Debug|Any CPU.ActiveCfg = Debug|Any CPU
		{0DDFA97E-7C12-431E-91D7-3E093614AAE7}.Debug|Any CPU.Build.0 = Debug|Any CPU
		{0DDFA97E-7C12-431E-91D7-3E093614AAE7}.Release|Any CPU.ActiveCfg = Release|Any CPU
		{0DDFA97E-7C12-431E-91D7-3E093614AAE7}.Release|Any CPU.Build.0 = Release|Any CPU
		{DFE148A0-6771-4326-987F-09B39D402E8A}.Debug|Any CPU.ActiveCfg = Debug|Any CPU
		{DFE148A0-6771-4326-987F-09B39D402E8A}.Debug|Any CPU.Build.0 = Debug|Any CPU
		{DFE148A0-6771-4326-987F-09B39D402E8A}.Release|Any CPU.ActiveCfg = Release|Any CPU
		{DFE148A0-6771-4326-987F-09B39D402E8A}.Release|Any CPU.Build.0 = Release|Any CPU
	EndGlobalSection
	GlobalSection(SolutionProperties) = preSolution
		HideSolutionNode = FALSE
	EndGlobalSection
	GlobalSection(NestedProjects) = preSolution
		{688914B7-E86A-4162-A710-F9A2CEC6F55D} = {94C5BA4D-812F-4A82-9566-E204C57D8019}
		{0A2EE07D-7C67-486E-A20C-513F8C2C03F4} = {94C5BA4D-812F-4A82-9566-E204C57D8019}
		{F46FF0F5-45B3-47B3-814B-D00B424E9AD4} = {94C5BA4D-812F-4A82-9566-E204C57D8019}
		{E4ADC1A5-F9E8-46ED-BE8C-E206E8F6587B} = {94C5BA4D-812F-4A82-9566-E204C57D8019}
	EndGlobalSection
	GlobalSection(ExtensibilityGlobals) = postSolution
		SolutionGuid = {1DB69632-3980-400C-9F69-E954363B57BC}
	EndGlobalSection
EndGlobal
